// !$*UTF8*$!
{
	archiveVersion = 1;
	classes = {
	};
	objectVersion = 46;
	objects = {

/* Begin PBXBuildFile section */
		0920965F19FFC72C00958EAC /* main.m in Sources */ = {isa = PBXBuildFile; fileRef = 0920965E19FFC72C00958EAC /* main.m */; };
		0920966219FFC72C00958EAC /* AppDelegate.m in Sources */ = {isa = PBXBuildFile; fileRef = 0920966119FFC72C00958EAC /* AppDelegate.m */; };
		0920966519FFC72C00958EAC /* ViewController.m in Sources */ = {isa = PBXBuildFile; fileRef = 0920966419FFC72C00958EAC /* ViewController.m */; };
		0920966819FFC72C00958EAC /* Main.storyboard in Resources */ = {isa = PBXBuildFile; fileRef = 0920966619FFC72C00958EAC /* Main.storyboard */; };
		0920966A19FFC72C00958EAC /* Images.xcassets in Resources */ = {isa = PBXBuildFile; fileRef = 0920966919FFC72C00958EAC /* Images.xcassets */; };
		0920966D19FFC72C00958EAC /* LaunchScreen.xib in Resources */ = {isa = PBXBuildFile; fileRef = 0920966B19FFC72C00958EAC /* LaunchScreen.xib */; };
		0920967919FFC72C00958EAC /* AppSettingsAndDefaultsTests.m in Sources */ = {isa = PBXBuildFile; fileRef = 0920967819FFC72C00958EAC /* AppSettingsAndDefaultsTests.m */; };
/* End PBXBuildFile section */

/* Begin PBXContainerItemProxy section */
		0920967319FFC72C00958EAC /* PBXContainerItemProxy */ = {
			isa = PBXContainerItemProxy;
			containerPortal = 0920965119FFC72C00958EAC /* Project object */;
			proxyType = 1;
			remoteGlobalIDString = 0920965819FFC72C00958EAC;
			remoteInfo = AppSettingsAndDefaults;
		};
/* End PBXContainerItemProxy section */

/* Begin PBXFileReference section */
		0920965919FFC72C00958EAC /* AppSettingsAndDefaults.app */ = {isa = PBXFileReference; explicitFileType = wrapper.application; includeInIndex = 0; path = AppSettingsAndDefaults.app; sourceTree = BUILT_PRODUCTS_DIR; };
		0920965D19FFC72C00958EAC /* Info.plist */ = {isa = PBXFileReference; lastKnownFileType = text.plist.xml; path = Info.plist; sourceTree = "<group>"; };
		0920965E19FFC72C00958EAC /* main.m */ = {isa = PBXFileReference; lastKnownFileType = sourcecode.c.objc; path = main.m; sourceTree = "<group>"; };
		0920966019FFC72C00958EAC /* AppDelegate.h */ = {isa = PBXFileReference; lastKnownFileType = sourcecode.c.h; path = AppDelegate.h; sourceTree = "<group>"; };
		0920966119FFC72C00958EAC /* AppDelegate.m */ = {isa = PBXFileReference; lastKnownFileType = sourcecode.c.objc; path = AppDelegate.m; sourceTree = "<group>"; };
		0920966319FFC72C00958EAC /* ViewController.h */ = {isa = PBXFileReference; lastKnownFileType = sourcecode.c.h; path = ViewController.h; sourceTree = "<group>"; };
		0920966419FFC72C00958EAC /* ViewController.m */ = {isa = PBXFileReference; lastKnownFileType = sourcecode.c.objc; path = ViewController.m; sourceTree = "<group>"; };
		0920966719FFC72C00958EAC /* Base */ = {isa = PBXFileReference; lastKnownFileType = file.storyboard; name = Base; path = Base.lproj/Main.storyboard; sourceTree = "<group>"; };
		0920966919FFC72C00958EAC /* Images.xcassets */ = {isa = PBXFileReference; lastKnownFileType = folder.assetcatalog; path = Images.xcassets; sourceTree = "<group>"; };
		0920966C19FFC72C00958EAC /* Base */ = {isa = PBXFileReference; lastKnownFileType = file.xib; name = Base; path = Base.lproj/LaunchScreen.xib; sourceTree = "<group>"; };
		0920967219FFC72C00958EAC /* AppSettingsAndDefaultsTests.xctest */ = {isa = PBXFileReference; explicitFileType = wrapper.cfbundle; includeInIndex = 0; path = AppSettingsAndDefaultsTests.xctest; sourceTree = BUILT_PRODUCTS_DIR; };
		0920967719FFC72C00958EAC /* Info.plist */ = {isa = PBXFileReference; lastKnownFileType = text.plist.xml; path = Info.plist; sourceTree = "<group>"; };
		0920967819FFC72C00958EAC /* AppSettingsAndDefaultsTests.m */ = {isa = PBXFileReference; lastKnownFileType = sourcecode.c.objc; path = AppSettingsAndDefaultsTests.m; sourceTree = "<group>"; };
/* End PBXFileReference section */

/* Begin PBXFrameworksBuildPhase section */
		0920965619FFC72C00958EAC /* Frameworks */ = {
			isa = PBXFrameworksBuildPhase;
			buildActionMask = 2147483647;
			files = (
			);
			runOnlyForDeploymentPostprocessing = 0;
		};
		0920966F19FFC72C00958EAC /* Frameworks */ = {
			isa = PBXFrameworksBuildPhase;
			buildActionMask = 2147483647;
			files = (
			);
			runOnlyForDeploymentPostprocessing = 0;
		};
/* End PBXFrameworksBuildPhase section */

/* Begin PBXGroup section */
		0920965019FFC72C00958EAC = {
			isa = PBXGroup;
			children = (
				0920965B19FFC72C00958EAC /* AppSettingsAndDefaults */,
				0920967519FFC72C00958EAC /* AppSettingsAndDefaultsTests */,
				0920965A19FFC72C00958EAC /* Products */,
			);
			sourceTree = "<group>";
		};
		0920965A19FFC72C00958EAC /* Products */ = {
			isa = PBXGroup;
			children = (
				0920965919FFC72C00958EAC /* AppSettingsAndDefaults.app */,
				0920967219FFC72C00958EAC /* AppSettingsAndDefaultsTests.xctest */,
			);
			name = Products;
			sourceTree = "<group>";
		};
		0920965B19FFC72C00958EAC /* AppSettingsAndDefaults */ = {
			isa = PBXGroup;
			children = (
				0920966019FFC72C00958EAC /* AppDelegate.h */,
				0920966119FFC72C00958EAC /* AppDelegate.m */,
				0920966319FFC72C00958EAC /* ViewController.h */,
				0920966419FFC72C00958EAC /* ViewController.m */,
				0920966619FFC72C00958EAC /* Main.storyboard */,
				0920966919FFC72C00958EAC /* Images.xcassets */,
				0920966B19FFC72C00958EAC /* LaunchScreen.xib */,
				0920965C19FFC72C00958EAC /* Supporting Files */,
			);
			path = AppSettingsAndDefaults;
			sourceTree = "<group>";
		};
		0920965C19FFC72C00958EAC /* Supporting Files */ = {
			isa = PBXGroup;
			children = (
				0920965D19FFC72C00958EAC /* Info.plist */,
				0920965E19FFC72C00958EAC /* main.m */,
			);
			name = "Supporting Files";
			sourceTree = "<group>";
		};
		0920967519FFC72C00958EAC /* AppSettingsAndDefaultsTests */ = {
			isa = PBXGroup;
			children = (
				0920967819FFC72C00958EAC /* AppSettingsAndDefaultsTests.m */,
				0920967619FFC72C00958EAC /* Supporting Files */,
			);
			path = AppSettingsAndDefaultsTests;
			sourceTree = "<group>";
		};
		0920967619FFC72C00958EAC /* Supporting Files */ = {
			isa = PBXGroup;
			children = (
				0920967719FFC72C00958EAC /* Info.plist */,
			);
			name = "Supporting Files";
			sourceTree = "<group>";
		};
/* End PBXGroup section */

/* Begin PBXNativeTarget section */
		0920965819FFC72C00958EAC /* AppSettingsAndDefaults */ = {
			isa = PBXNativeTarget;
			buildConfigurationList = 0920967C19FFC72C00958EAC /* Build configuration list for PBXNativeTarget "AppSettingsAndDefaults" */;
			buildPhases = (
				0920965519FFC72C00958EAC /* Sources */,
				0920965619FFC72C00958EAC /* Frameworks */,
				0920965719FFC72C00958EAC /* Resources */,
			);
			buildRules = (
			);
			dependencies = (
			);
			name = AppSettingsAndDefaults;
			productName = AppSettingsAndDefaults;
			productReference = 0920965919FFC72C00958EAC /* AppSettingsAndDefaults.app */;
			productType = "com.apple.product-type.application";
		};
		0920967119FFC72C00958EAC /* AppSettingsAndDefaultsTests */ = {
			isa = PBXNativeTarget;
			buildConfigurationList = 0920967F19FFC72C00958EAC /* Build configuration list for PBXNativeTarget "AppSettingsAndDefaultsTests" */;
			buildPhases = (
				0920966E19FFC72C00958EAC /* Sources */,
				0920966F19FFC72C00958EAC /* Frameworks */,
				0920967019FFC72C00958EAC /* Resources */,
			);
			buildRules = (
			);
			dependencies = (
				0920967419FFC72C00958EAC /* PBXTargetDependency */,
			);
			name = AppSettingsAndDefaultsTests;
			productName = AppSettingsAndDefaultsTests;
			productReference = 0920967219FFC72C00958EAC /* AppSettingsAndDefaultsTests.xctest */;
			productType = "com.apple.product-type.bundle.unit-test";
		};
/* End PBXNativeTarget section */

/* Begin PBXProject section */
		0920965119FFC72C00958EAC /* Project object */ = {
			isa = PBXProject;
			attributes = {
				LastUpgradeCheck = 0610;
				ORGANIZATIONNAME = "Pioneer Mobile Application";
				TargetAttributes = {
					0920965819FFC72C00958EAC = {
						CreatedOnToolsVersion = 6.1;
					};
					0920967119FFC72C00958EAC = {
						CreatedOnToolsVersion = 6.1;
						TestTargetID = 0920965819FFC72C00958EAC;
					};
				};
			};
			buildConfigurationList = 0920965419FFC72C00958EAC /* Build configuration list for PBXProject "AppSettingsAndDefaults" */;
			compatibilityVersion = "Xcode 3.2";
			developmentRegion = English;
			hasScannedForEncodings = 0;
			knownRegions = (
				en,
				Base,
			);
			mainGroup = 0920965019FFC72C00958EAC;
			productRefGroup = 0920965A19FFC72C00958EAC /* Products */;
			projectDirPath = "";
			projectRoot = "";
			targets = (
				0920965819FFC72C00958EAC /* AppSettingsAndDefaults */,
				0920967119FFC72C00958EAC /* AppSettingsAndDefaultsTests */,
			);
		};
/* End PBXProject section */

/* Begin PBXResourcesBuildPhase section */
		0920965719FFC72C00958EAC /* Resources */ = {
			isa = PBXResourcesBuildPhase;
			buildActionMask = 2147483647;
			files = (
				0920966819FFC72C00958EAC /* Main.storyboard in Resources */,
				0920966D19FFC72C00958EAC /* LaunchScreen.xib in Resources */,
				0920966A19FFC72C00958EAC /* Images.xcassets in Resources */,
			);
			runOnlyForDeploymentPostprocessing = 0;
		};
		0920967019FFC72C00958EAC /* Resources */ = {
			isa = PBXResourcesBuildPhase;
			buildActionMask = 2147483647;
			files = (
			);
			runOnlyForDeploymentPostprocessing = 0;
		};
/* End PBXResourcesBuildPhase section */

/* Begin PBXSourcesBuildPhase section */
		0920965519FFC72C00958EAC /* Sources */ = {
			isa = PBXSourcesBuildPhase;
			buildActionMask = 2147483647;
			files = (
				0920966519FFC72C00958EAC /* ViewController.m in Sources */,
				0920966219FFC72C00958EAC /* AppDelegate.m in Sources */,
				0920965F19FFC72C00958EAC /* main.m in Sources */,
			);
			runOnlyForDeploymentPostprocessing = 0;
		};
		0920966E19FFC72C00958EAC /* Sources */ = {
			isa = PBXSourcesBuildPhase;
			buildActionMask = 2147483647;
			files = (
				0920967919FFC72C00958EAC /* AppSettingsAndDefaultsTests.m in Sources */,
			);
			runOnlyForDeploymentPostprocessing = 0;
		};
/* End PBXSourcesBuildPhase section */

/* Begin PBXTargetDependency section */
		0920967419FFC72C00958EAC /* PBXTargetDependency */ = {
			isa = PBXTargetDependency;
			target = 0920965819FFC72C00958EAC /* AppSettingsAndDefaults */;
			targetProxy = 0920967319FFC72C00958EAC /* PBXContainerItemProxy */;
		};
/* End PBXTargetDependency section */

/* Begin PBXVariantGroup section */
		0920966619FFC72C00958EAC /* Main.storyboard */ = {
			isa = PBXVariantGroup;
			children = (
				0920966719FFC72C00958EAC /* Base */,
			);
			name = Main.storyboard;
			sourceTree = "<group>";
		};
		0920966B19FFC72C00958EAC /* LaunchScreen.xib */ = {
			isa = PBXVariantGroup;
			children = (
				0920966C19FFC72C00958EAC /* Base */,
			);
			name = LaunchScreen.xib;
			sourceTree = "<group>";
		};
/* End PBXVariantGroup section */

/* Begin XCBuildConfiguration section */
		0920967A19FFC72C00958EAC /* Debug */ = {
			isa = XCBuildConfiguration;
			buildSettings = {
				ALWAYS_SEARCH_USER_PATHS = NO;
				CLANG_CXX_LANGUAGE_STANDARD = "gnu++0x";
				CLANG_CXX_LIBRARY = "libc++";
				CLANG_ENABLE_MODULES = YES;
				CLANG_ENABLE_OBJC_ARC = YES;
				CLANG_WARN_BOOL_CONVERSION = YES;
				CLANG_WARN_CONSTANT_CONVERSION = YES;
				CLANG_WARN_DIRECT_OBJC_ISA_USAGE = YES_ERROR;
				CLANG_WARN_EMPTY_BODY = YES;
				CLANG_WARN_ENUM_CONVERSION = YES;
				CLANG_WARN_INT_CONVERSION = YES;
				CLANG_WARN_OBJC_ROOT_CLASS = YES_ERROR;
				CLANG_WARN_UNREACHABLE_CODE = YES;
				CLANG_WARN__DUPLICATE_METHOD_MATCH = YES;
				"CODE_SIGN_IDENTITY[sdk=iphoneos*]" = "iPhone Developer";
				COPY_PHASE_STRIP = NO;
				ENABLE_STRICT_OBJC_MSGSEND = YES;
				GCC_C_LANGUAGE_STANDARD = gnu99;
				GCC_DYNAMIC_NO_PIC = NO;
				GCC_OPTIMIZATION_LEVEL = 0;
				GCC_PREPROCESSOR_DEFINITIONS = (
					"DEBUG=1",
					"$(inherited)",
				);
				GCC_SYMBOLS_PRIVATE_EXTERN = NO;
				GCC_WARN_64_TO_32_BIT_CONVERSION = YES;
				GCC_WARN_ABOUT_RETURN_TYPE = YES_ERROR;
				GCC_WARN_UNDECLARED_SELECTOR = YES;
				GCC_WARN_UNINITIALIZED_AUTOS = YES_AGGRESSIVE;
				GCC_WARN_UNUSED_FUNCTION = YES;
				GCC_WARN_UNUSED_VARIABLE = YES;
				IPHONEOS_DEPLOYMENT_TARGET = 8.1;
				MTL_ENABLE_DEBUG_INFO = YES;
				ONLY_ACTIVE_ARCH = YES;
				SDKROOT = iphoneos;
			};
			name = Debug;
		};
		0920967B19FFC72C00958EAC /* Release */ = {
			isa = XCBuildConfiguration;
			buildSettings = {
				ALWAYS_SEARCH_USER_PATHS = NO;
				CLANG_CXX_LANGUAGE_STANDARD = "gnu++0x";
				CLANG_CXX_LIBRARY = "libc++";
				CLANG_ENABLE_MODULES = YES;
				CLANG_ENABLE_OBJC_ARC = YES;
				CLANG_WARN_BOOL_CONVERSION = YES;
				CLANG_WARN_CONSTANT_CONVERSION = YES;
				CLANG_WARN_DIRECT_OBJC_ISA_USAGE = YES_ERROR;
				CLANG_WARN_EMPTY_BODY = YES;
				CLANG_WARN_ENUM_CONVERSION = YES;
				CLANG_WARN_INT_CONVERSION = YES;
				CLANG_WARN_OBJC_ROOT_CLASS = YES_ERROR;
				CLANG_WARN_UNREACHABLE_CODE = YES;
				CLANG_WARN__DUPLICATE_METHOD_MATCH = YES;
				"CODE_SIGN_IDENTITY[sdk=iphoneos*]" = "iPhone Developer";
				COPY_PHASE_STRIP = YES;
				ENABLE_NS_ASSERTIONS = NO;
				ENABLE_STRICT_OBJC_MSGSEND = YES;
				GCC_C_LANGUAGE_STANDARD = gnu99;
				GCC_WARN_64_TO_32_BIT_CONVERSION = YES;
				GCC_WARN_ABOUT_RETURN_TYPE = YES_ERROR;
				GCC_WARN_UNDECLARED_SELECTOR = YES;
				GCC_WARN_UNINITIALIZED_AUTOS = YES_AGGRESSIVE;
				GCC_WARN_UNUSED_FUNCTION = YES;
				GCC_WARN_UNUSED_VARIABLE = YES;
				IPHONEOS_DEPLOYMENT_TARGET = 8.1;
				MTL_ENABLE_DEBUG_INFO = NO;
				SDKROOT = iphoneos;
				VALIDATE_PRODUCT = YES;
			};
			name = Release;
		};
		0920967D19FFC72C00958EAC /* Debug */ = {
			isa = XCBuildConfiguration;
			buildSettings = {
				ASSETCATALOG_COMPILER_APPICON_NAME = AppIcon;
				INFOPLIST_FILE = AppSettingsAndDefaults/Info.plist;
				LD_RUNPATH_SEARCH_PATHS = "$(inherited) @executable_path/Frameworks";
				PRODUCT_NAME = "$(TARGET_NAME)";
			};
			name = Debug;
		};
		0920967E19FFC72C00958EAC /* Release */ = {
			isa = XCBuildConfiguration;
			buildSettings = {
				ASSETCATALOG_COMPILER_APPICON_NAME = AppIcon;
				INFOPLIST_FILE = AppSettingsAndDefaults/Info.plist;
				LD_RUNPATH_SEARCH_PATHS = "$(inherited) @executable_path/Frameworks";
				PRODUCT_NAME = "$(TARGET_NAME)";
			};
			name = Release;
		};
		0920968019FFC72C00958EAC /* Debug */ = {
			isa = XCBuildConfiguration;
			buildSettings = {
				BUNDLE_LOADER = "$(TEST_HOST)";
				FRAMEWORK_SEARCH_PATHS = (
					"$(SDKROOT)/Developer/Library/Frameworks",
					"$(inherited)",
				);
				GCC_PREPROCESSOR_DEFINITIONS = (
					"DEBUG=1",
					"$(inherited)",
				);
				INFOPLIST_FILE = AppSettingsAndDefaultsTests/Info.plist;
				LD_RUNPATH_SEARCH_PATHS = "$(inherited) @executable_path/Frameworks @loader_path/Frameworks";
				PRODUCT_NAME = "$(TARGET_NAME)";
				TEST_HOST = "$(BUILT_PRODUCTS_DIR)/AppSettingsAndDefaults.app/AppSettingsAndDefaults";
			};
			name = Debug;
		};
		0920968119FFC72C00958EAC /* Release */ = {
			isa = XCBuildConfiguration;
			buildSettings = {
				BUNDLE_LOADER = "$(TEST_HOST)";
				FRAMEWORK_SEARCH_PATHS = (
					"$(SDKROOT)/Developer/Library/Frameworks",
					"$(inherited)",
				);
				INFOPLIST_FILE = AppSettingsAndDefaultsTests/Info.plist;
				LD_RUNPATH_SEARCH_PATHS = "$(inherited) @executable_path/Frameworks @loader_path/Frameworks";
				PRODUCT_NAME = "$(TARGET_NAME)";
				TEST_HOST = "$(BUILT_PRODUCTS_DIR)/AppSettingsAndDefaults.app/AppSettingsAndDefaults";
			};
			name = Release;
		};
/* End XCBuildConfiguration section */

/* Begin XCConfigurationList section */
		0920965419FFC72C00958EAC /* Build configuration list for PBXProject "AppSettingsAndDefaults" */ = {
			isa = XCConfigurationList;
			buildConfigurations = (
				0920967A19FFC72C00958EAC /* Debug */,
				0920967B19FFC72C00958EAC /* Release */,
			);
			defaultConfigurationIsVisible = 0;
			defaultConfigurationName = Release;
		};
		0920967C19FFC72C00958EAC /* Build configuration list for PBXNativeTarget "AppSettingsAndDefaults" */ = {
			isa = XCConfigurationList;
			buildConfigurations = (
				0920967D19FFC72C00958EAC /* Debug */,
				0920967E19FFC72C00958EAC /* Release */,
			);
			defaultConfigurationIsVisible = 0;
		};
		0920967F19FFC72C00958EAC /* Build configuration list for PBXNativeTarget "AppSettingsAndDefaultsTests" */ = {
			isa = XCConfigurationList;
			buildConfigurations = (
				0920968019FFC72C00958EAC /* Debug */,
				0920968119FFC72C00958EAC /* Release */,
			);
			defaultConfigurationIsVisible = 0;
		};
/* End XCConfigurationList section */
	};
	rootObject = 0920965119FFC72C00958EAC /* Project object */;
}
